
Microsoft Visual Studio Solution File, Format Version 12.00
# Visual Studio Version 17
VisualStudioVersion = 17.9.34616.47
MinimumVisualStudioVersion = 10.0.40219.1
Project("{FAE04EC0-301F-11D3-BF4B-00C04F79EFBC}") = "FlappyBird", "FlappyBird\FlappyBird.csproj", "{F20F9657-671B-4342-A791-B31CDCC5BC9D}"
EndProject
Global
	GlobalSection(SolutionConfigurationPlatforms) = preSolution
		Debug|Any CPU = Debug|Any CPU
		Release|Any CPU = Release|Any CPU
	EndGlobalSection
	GlobalSection(ProjectConfigurationPlatforms) = postSolution
		{F20F9657-671B-4342-A791-B31CDCC5BC9D}.Debug|Any CPU.ActiveCfg = Debug|Any CPU
		{F20F9657-671B-4342-A791-B31CDCC5BC9D}.Debug|Any CPU.Build.0 = Debug|Any CPU
		{F20F9657-671B-4342-A791-B31CDCC5BC9D}.Release|Any CPU.ActiveCfg = Release|Any CPU
		{F20F9657-671B-4342-A791-B31CDCC5BC9D}.Release|Any CPU.Build.0 = Release|Any CPU
	EndGlobalSection
	GlobalSection(SolutionProperties) = preSolution
		HideSolutionNode = FALSE
	EndGlobalSection
	GlobalSection(ExtensibilityGlobals) = postSolution
		SolutionGuid = {FC277664-9DC5-436E-8EB9-F725E660FD11}
	EndGlobalSection
EndGlobal
